
Microsoft Visual Studio Solution File, Format Version 12.00
# Visual Studio 14
VisualStudioVersion = 14.0.25420.1
MinimumVisualStudioVersion = 10.0.40219.1
Project("{FAE04EC0-301F-11D3-BF4B-00C04F79EFBC}") = "BloodDonation", "BloodDonation\BloodDonation.csproj", "{BDB55EAF-C6EB-4F76-AAFE-3E0BECB44256}"
EndProject
Project("{FAE04EC0-301F-11D3-BF4B-00C04F79EFBC}") = "BloodDonation.Tests", "BloodDonation.Tests\BloodDonation.Tests.csproj", "{30AEF89B-9267-4871-8ED4-CA88F7E039EF}"
EndProject
Project("{FAE04EC0-301F-11D3-BF4B-00C04F79EFBC}") = "BloodDonation.Utils", "BloodDonation.Utils\BloodDonation.Utils.csproj", "{B4C4D092-9274-490A-81B6-08155457BA4B}"
EndProject
Project("{FAE04EC0-301F-11D3-BF4B-00C04F79EFBC}") = "BloodDonation.Logic", "BloodDonation.Logic\BloodDonation.Logic.csproj", "{19780FBF-06AC-471E-B5E8-DECE641BFBE3}"
EndProject
Global
	GlobalSection(SolutionConfigurationPlatforms) = preSolution
		Debug|Any CPU = Debug|Any CPU
		Release|Any CPU = Release|Any CPU
	EndGlobalSection
	GlobalSection(ProjectConfigurationPlatforms) = postSolution
		{BDB55EAF-C6EB-4F76-AAFE-3E0BECB44256}.Debug|Any CPU.ActiveCfg = Debug|Any CPU
		{BDB55EAF-C6EB-4F76-AAFE-3E0BECB44256}.Debug|Any CPU.Build.0 = Debug|Any CPU
		{BDB55EAF-C6EB-4F76-AAFE-3E0BECB44256}.Release|Any CPU.ActiveCfg = Release|Any CPU
		{BDB55EAF-C6EB-4F76-AAFE-3E0BECB44256}.Release|Any CPU.Build.0 = Release|Any CPU
		{30AEF89B-9267-4871-8ED4-CA88F7E039EF}.Debug|Any CPU.ActiveCfg = Debug|Any CPU
		{30AEF89B-9267-4871-8ED4-CA88F7E039EF}.Debug|Any CPU.Build.0 = Debug|Any CPU
		{30AEF89B-9267-4871-8ED4-CA88F7E039EF}.Release|Any CPU.ActiveCfg = Release|Any CPU
		{30AEF89B-9267-4871-8ED4-CA88F7E039EF}.Release|Any CPU.Build.0 = Release|Any CPU
		{B4C4D092-9274-490A-81B6-08155457BA4B}.Debug|Any CPU.ActiveCfg = Debug|Any CPU
		{B4C4D092-9274-490A-81B6-08155457BA4B}.Debug|Any CPU.Build.0 = Debug|Any CPU
		{B4C4D092-9274-490A-81B6-08155457BA4B}.Release|Any CPU.ActiveCfg = Release|Any CPU
		{B4C4D092-9274-490A-81B6-08155457BA4B}.Release|Any CPU.Build.0 = Release|Any CPU
		{19780FBF-06AC-471E-B5E8-DECE641BFBE3}.Debug|Any CPU.ActiveCfg = Debug|Any CPU
		{19780FBF-06AC-471E-B5E8-DECE641BFBE3}.Debug|Any CPU.Build.0 = Debug|Any CPU
		{19780FBF-06AC-471E-B5E8-DECE641BFBE3}.Release|Any CPU.ActiveCfg = Release|Any CPU
		{19780FBF-06AC-471E-B5E8-DECE641BFBE3}.Release|Any CPU.Build.0 = Release|Any CPU
	EndGlobalSection
	GlobalSection(SolutionProperties) = preSolution
		HideSolutionNode = FALSE
	EndGlobalSection
EndGlobal
